<?xml version="1.0" encoding="utf-8"?>
<Project ToolsVersion="4.0" xmlns="http://schemas.microsoft.com/developer/msbuild/2003">
  <ItemGroup>
    <Filter Include="Source Files">
      <UniqueIdentifier>{4FC737F1-C7A5-4376-A066-2A32D752A2FF}</UniqueIdentifier>
      <Extensions>cpp;c;cc;cxx;def;odl;idl;hpj;bat;asm;asmx</Extensions>
    </Filter>
    <Filter Include="Header Files">
      <UniqueIdentifier>{93995380-89BD-4b04-88EB-625FBE52EBFB}</UniqueIdentifier>
      <Extensions>h;hh;hpp;hxx;hm;inl;inc;xsd</Extensions>
    </Filter>
    <Filter Include="Resource Files">
      <UniqueIdentifier>{67DA6AB6-F800-4c08-8B7A-83BB121AAD01}</UniqueIdentifier>
      <Extensions>rc;ico;cur;bmp;dlg;rc2;rct;bin;rgs;gif;jpg;jpeg;jpe;resx;tiff;tif;png;wav;mfcribbon-ms</Extensions>
    </Filter>
    <Filter Include="Header Files\gf2d">
      <UniqueIdentifier>{69e02827-3737-430f-8333-bfb0455fec54}</UniqueIdentifier>
    </Filter>
    <Filter Include="Header Files\json">
      <UniqueIdentifier>{d6654b1e-4136-46d8-b6be-83022cc70f6b}</UniqueIdentifier>
    </Filter>
    <Filter Include="Header Files\logger">
      <UniqueIdentifier>{d5b6dc17-df4f-4430-ba4d-19ac5d62eaa7}</UniqueIdentifier>
    </Filter>
    <Filter Include="Source Files\gf2d">
      <UniqueIdentifier>{e0b71050-a214-48f5-94d6-8fc839745dfb}</UniqueIdentifier>
    </Filter>
    <Filter Include="Source Files\json">
      <UniqueIdentifier>{bde6a877-7676-4ae3-a272-e64ceac1c473}</UniqueIdentifier>
    </Filter>
    <Filter Include="Source Files\logger">
      <UniqueIdentifier>{510f0b19-bb92-4904-ac20-14653af755a9}</UniqueIdentifier>
    </Filter>
  </ItemGroup>
  <ItemGroup>
    <ClCompile Include="..\..\..\src\shape.c">
      <Filter>Source Files</Filter>
    </ClCompile>
    <ClCompile Include="..\..\..\src\e_archer.c">
      <Filter>Source Files</Filter>
    </ClCompile>
    <ClCompile Include="..\..\..\src\e_bouncer.c">
      <Filter>Source Files</Filter>
    </ClCompile>
    <ClCompile Include="..\..\..\src\e_enemy.c">
      <Filter>Source Files</Filter>
    </ClCompile>
    <ClCompile Include="..\..\..\src\e_entity.c">
      <Filter>Source Files</Filter>
    </ClCompile>
    <ClCompile Include="..\..\..\src\e_flyer.c">
      <Filter>Source Files</Filter>
    </ClCompile>
    <ClCompile Include="..\..\..\src\p_player.c">
      <Filter>Source Files</Filter>
    </ClCompile>
    <ClCompile Include="..\..\..\src\e_walker.c">
      <Filter>Source Files</Filter>
    </ClCompile>
    <ClCompile Include="..\..\..\src\g_camera.c">
      <Filter>Source Files</Filter>
    </ClCompile>
    <ClCompile Include="..\..\..\src\g_font.c">
      <Filter>Source Files</Filter>
    </ClCompile>
    <ClCompile Include="..\..\..\src\g_game.c">
      <Filter>Source Files</Filter>
    </ClCompile>
    <ClCompile Include="..\..\..\src\g_random.c">
      <Filter>Source Files</Filter>
    </ClCompile>
    <ClCompile Include="..\..\..\src\g_globals.c">
      <Filter>Source Files</Filter>
    </ClCompile>
    <ClCompile Include="..\..\..\src\w_tile.c">
      <Filter>Source Files</Filter>
    </ClCompile>
    <ClCompile Include="..\..\..\src\w_level.c">
      <Filter>Source Files</Filter>
    </ClCompile>
    <ClCompile Include="..\..\..\src\g_projectile.c">
      <Filter>Source Files</Filter>
    </ClCompile>
    <ClCompile Include="..\..\..\src\g_item.c">
      <Filter>Source Files</Filter>
    </ClCompile>
    <ClCompile Include="..\..\..\src\g_windows.c">
      <Filter>Source Files</Filter>
    </ClCompile>
    <ClCompile Include="..\..\..\src\gf2d_actor.c">
      <Filter>Source Files\gf2d</Filter>
    </ClCompile>
    <ClCompile Include="..\..\..\src\gf2d_config.c">
      <Filter>Source Files\gf2d</Filter>
    </ClCompile>
    <ClCompile Include="..\..\..\src\gf2d_draw.c">
      <Filter>Source Files\gf2d</Filter>
    </ClCompile>
    <ClCompile Include="..\..\..\src\gf2d_element_actor.c">
      <Filter>Source Files\gf2d</Filter>
    </ClCompile>
    <ClCompile Include="..\..\..\src\gf2d_element_button.c">
      <Filter>Source Files\gf2d</Filter>
    </ClCompile>
    <ClCompile Include="..\..\..\src\gf2d_element_entry.c">
      <Filter>Source Files\gf2d</Filter>
    </ClCompile>
    <ClCompile Include="..\..\..\src\gf2d_element_label.c">
      <Filter>Source Files\gf2d</Filter>
    </ClCompile>
    <ClCompile Include="..\..\..\src\gf2d_element_list.c">
      <Filter>Source Files\gf2d</Filter>
    </ClCompile>
    <ClCompile Include="..\..\..\src\gf2d_elements.c">
      <Filter>Source Files\gf2d</Filter>
    </ClCompile>
    <ClCompile Include="..\..\..\src\gf2d_font.c">
      <Filter>Source Files\gf2d</Filter>
    </ClCompile>
    <ClCompile Include="..\..\..\src\gf2d_graphics.c">
      <Filter>Source Files\gf2d</Filter>
    </ClCompile>
    <ClCompile Include="..\..\..\src\gf2d_mouse.c">
      <Filter>Source Files\gf2d</Filter>
    </ClCompile>
    <ClCompile Include="..\..\..\src\gf2d_shape.c">
      <Filter>Source Files\gf2d</Filter>
    </ClCompile>
    <ClCompile Include="..\..\..\src\gf2d_sprite.c">
      <Filter>Source Files\gf2d</Filter>
    </ClCompile>
    <ClCompile Include="..\..\..\src\gf2d_windows.c">
      <Filter>Source Files\gf2d</Filter>
    </ClCompile>
    <ClCompile Include="..\..\..\gfc\src\gfc_audio.c">
      <Filter>Source Files\gf2d</Filter>
    </ClCompile>
    <ClCompile Include="..\..\..\gfc\src\gfc_callbacks.c">
      <Filter>Source Files\gf2d</Filter>
    </ClCompile>
    <ClCompile Include="..\..\..\gfc\src\gfc_color.c">
      <Filter>Source Files\gf2d</Filter>
    </ClCompile>
    <ClCompile Include="..\..\..\gfc\src\gfc_input.c">
      <Filter>Source Files\gf2d</Filter>
    </ClCompile>
    <ClCompile Include="..\..\..\gfc\src\gfc_list.c">
      <Filter>Source Files\gf2d</Filter>
    </ClCompile>
    <ClCompile Include="..\..\..\gfc\src\gfc_matrix.c">
      <Filter>Source Files\gf2d</Filter>
    </ClCompile>
    <ClCompile Include="..\..\..\gfc\src\gfc_text.c">
      <Filter>Source Files\gf2d</Filter>
    </ClCompile>
    <ClCompile Include="..\..\..\gfc\src\gfc_types.c">
      <Filter>Source Files\gf2d</Filter>
    </ClCompile>
    <ClCompile Include="..\..\..\gfc\src\gfc_vector.c">
      <Filter>Source Files\gf2d</Filter>
    </ClCompile>
    <ClCompile Include="..\..\..\src\json\simple_json_string.c">
      <Filter>Source Files\json</Filter>
    </ClCompile>
    <ClCompile Include="..\..\..\src\json\simple_json.c">
      <Filter>Source Files\json</Filter>
    </ClCompile>
    <ClCompile Include="..\..\..\src\json\simple_json_array.c">
      <Filter>Source Files\json</Filter>
    </ClCompile>
    <ClCompile Include="..\..\..\src\json\simple_json_error.c">
      <Filter>Source Files\json</Filter>
    </ClCompile>
    <ClCompile Include="..\..\..\src\json\simple_json_list.c">
      <Filter>Source Files\json</Filter>
    </ClCompile>
    <ClCompile Include="..\..\..\src\json\simple_json_object.c">
      <Filter>Source Files\json</Filter>
    </ClCompile>
    <ClCompile Include="..\..\..\src\json\simple_json_parse.c">
      <Filter>Source Files\json</Filter>
    </ClCompile>
    <ClCompile Include="..\..\..\src\logger\simple_logger.c">
      <Filter>Source Files\logger</Filter>
    </ClCompile>
    <ClCompile Include="..\..\..\src\g_menu.c">
      <Filter>Source Files</Filter>
    </ClCompile>
    <ClCompile Include="..\..\..\src\g_menu_objects.c">
      <Filter>Source Files</Filter>
    </ClCompile>
    <ClCompile Include="..\..\..\src\m_pause.c">
      <Filter>Source Files</Filter>
    </ClCompile>
  </ItemGroup>
  <ItemGroup>
    <ClInclude Include="..\..\..\include\shape.h">
      <Filter>Header Files</Filter>
    </ClInclude>
    <ClInclude Include="..\..\..\include\e_archer.h">
      <Filter>Header Files</Filter>
    </ClInclude>
    <ClInclude Include="..\..\..\include\e_bouncer.h">
      <Filter>Header Files</Filter>
    </ClInclude>
    <ClInclude Include="..\..\..\include\e_enemy.h">
      <Filter>Header Files</Filter>
    </ClInclude>
    <ClInclude Include="..\..\..\include\e_flyer.h">
      <Filter>Header Files</Filter>
    </ClInclude>
    <ClInclude Include="..\..\..\include\e_walker.h">
      <Filter>Header Files</Filter>
    </ClInclude>
    <ClInclude Include="..\..\..\include\e_entity.h">
      <Filter>Header Files</Filter>
    </ClInclude>
    <ClInclude Include="..\..\..\include\p_player.h">
      <Filter>Header Files</Filter>
    </ClInclude>
    <ClInclude Include="..\..\..\include\g_camera.h">
      <Filter>Header Files</Filter>
    </ClInclude>
    <ClInclude Include="..\..\..\include\g_font.h">
      <Filter>Header Files</Filter>
    </ClInclude>
    <ClInclude Include="..\..\..\include\g_globals.h">
      <Filter>Header Files</Filter>
    </ClInclude>
    <ClInclude Include="..\..\..\include\g_random.h">
      <Filter>Header Files</Filter>
    </ClInclude>
    <ClInclude Include="..\..\..\include\w_tile.h">
      <Filter>Header Files</Filter>
    </ClInclude>
    <ClInclude Include="..\..\..\include\w_level.h">
      <Filter>Header Files</Filter>
    </ClInclude>
    <ClInclude Include="..\..\..\include\g_projectile.h">
      <Filter>Header Files</Filter>
    </ClInclude>
    <ClInclude Include="..\..\..\include\g_item.h">
      <Filter>Header Files</Filter>
    </ClInclude>
    <ClInclude Include="..\..\..\include\g_windows.h">
      <Filter>Header Files</Filter>
    </ClInclude>
    <ClInclude Include="..\..\..\include\gf2d_actor.h">
      <Filter>Header Files\gf2d</Filter>
    </ClInclude>
    <ClInclude Include="..\..\..\include\gf2d_draw.h">
      <Filter>Header Files\gf2d</Filter>
    </ClInclude>
    <ClInclude Include="..\..\..\include\gf2d_element_actor.h">
      <Filter>Header Files\gf2d</Filter>
    </ClInclude>
    <ClInclude Include="..\..\..\include\gf2d_element_button.h">
      <Filter>Header Files\gf2d</Filter>
    </ClInclude>
    <ClInclude Include="..\..\..\include\gf2d_element_entry.h">
      <Filter>Header Files\gf2d</Filter>
    </ClInclude>
    <ClInclude Include="..\..\..\include\gf2d_element_label.h">
      <Filter>Header Files\gf2d</Filter>
    </ClInclude>
    <ClInclude Include="..\..\..\include\gf2d_element_list.h">
      <Filter>Header Files\gf2d</Filter>
    </ClInclude>
    <ClInclude Include="..\..\..\include\gf2d_elements.h">
      <Filter>Header Files\gf2d</Filter>
    </ClInclude>
    <ClInclude Include="..\..\..\include\gf2d_font.h">
      <Filter>Header Files\gf2d</Filter>
    </ClInclude>
    <ClInclude Include="..\..\..\include\gf2d_graphics.h">
      <Filter>Header Files\gf2d</Filter>
    </ClInclude>
    <ClInclude Include="..\..\..\include\gf2d_mouse.h">
      <Filter>Header Files\gf2d</Filter>
    </ClInclude>
    <ClInclude Include="..\..\..\include\gf2d_shape.h">
      <Filter>Header Files\gf2d</Filter>
    </ClInclude>
    <ClInclude Include="..\..\..\include\gf2d_sprite.h">
      <Filter>Header Files\gf2d</Filter>
    </ClInclude>
    <ClInclude Include="..\..\..\include\gf2d_windows.h">
      <Filter>Header Files\gf2d</Filter>
    </ClInclude>
    <ClInclude Include="..\..\..\gfc\include\gfc_audio.h">
      <Filter>Header Files\gf2d</Filter>
    </ClInclude>
    <ClInclude Include="..\..\..\gfc\include\gfc_callbacks.h">
      <Filter>Header Files\gf2d</Filter>
    </ClInclude>
    <ClInclude Include="..\..\..\gfc\include\gfc_color.h">
      <Filter>Header Files\gf2d</Filter>
    </ClInclude>
    <ClInclude Include="..\..\..\gfc\include\gfc_input.h">
      <Filter>Header Files\gf2d</Filter>
    </ClInclude>
    <ClInclude Include="..\..\..\gfc\include\gfc_list.h">
      <Filter>Header Files\gf2d</Filter>
    </ClInclude>
    <ClInclude Include="..\..\..\gfc\include\gfc_matrix.h">
      <Filter>Header Files\gf2d</Filter>
    </ClInclude>
    <ClInclude Include="..\..\..\gfc\include\gfc_text.h">
      <Filter>Header Files\gf2d</Filter>
    </ClInclude>
    <ClInclude Include="..\..\..\gfc\include\gfc_types.h">
      <Filter>Header Files\gf2d</Filter>
    </ClInclude>
    <ClInclude Include="..\..\..\gfc\include\gfc_vector.h">
      <Filter>Header Files\gf2d</Filter>
    </ClInclude>
    <ClInclude Include="..\..\..\include\json\simple_json.h">
      <Filter>Header Files\json</Filter>
    </ClInclude>
    <ClInclude Include="..\..\..\include\json\simple_json_array.h">
      <Filter>Header Files\json</Filter>
    </ClInclude>
    <ClInclude Include="..\..\..\include\json\simple_json_error.h">
      <Filter>Header Files\json</Filter>
    </ClInclude>
    <ClInclude Include="..\..\..\include\json\simple_json_list.h">
      <Filter>Header Files\json</Filter>
    </ClInclude>
    <ClInclude Include="..\..\..\include\json\simple_json_object.h">
      <Filter>Header Files\json</Filter>
    </ClInclude>
    <ClInclude Include="..\..\..\include\json\simple_json_parse.h">
      <Filter>Header Files\json</Filter>
    </ClInclude>
    <ClInclude Include="..\..\..\include\json\simple_json_string.h">
      <Filter>Header Files\json</Filter>
    </ClInclude>
    <ClInclude Include="..\..\..\include\json\simple_json_value.h">
      <Filter>Header Files\json</Filter>
    </ClInclude>
    <ClInclude Include="..\..\..\include\logger\simple_logger.h">
      <Filter>Header Files\logger</Filter>
    </ClInclude>
    <ClInclude Include="..\..\..\include\g_menu.h">
      <Filter>Header Files</Filter>
    </ClInclude>
    <ClInclude Include="..\..\..\include\g_menu_objects.h">
      <Filter>Header Files</Filter>
    </ClInclude>
    <ClInclude Include="..\..\..\include\m_pause.h">
      <Filter>Header Files</Filter>
    </ClInclude>
  </ItemGroup>
</Project>